// !$*UTF8*$!
{
	archiveVersion = 1;
	classes = {
	};
	objectVersion = 46;
	objects = {

/* Begin PBXBuildFile section */
		73067E761E70AD6400A15551 /* Reachability.swift in Sources */ = {isa = PBXBuildFile; fileRef = 73067E751E70AD6400A15551 /* Reachability.swift */; };
		730B2B041E807054008F940B /* VotesCollectionViewController.swift in Sources */ = {isa = PBXBuildFile; fileRef = 730B2B031E807054008F940B /* VotesCollectionViewController.swift */; };
		730B2B061E807066008F940B /* VoteCollectionViewCell.swift in Sources */ = {isa = PBXBuildFile; fileRef = 730B2B051E807066008F940B /* VoteCollectionViewCell.swift */; };
		733133A11E7213DE00E18F0B /* AccountSettingsViewController.swift in Sources */ = {isa = PBXBuildFile; fileRef = 733133A01E7213DE00E18F0B /* AccountSettingsViewController.swift */; };
		733133A31E72156700E18F0B /* MainViewController.swift in Sources */ = {isa = PBXBuildFile; fileRef = 733133A21E72156700E18F0B /* MainViewController.swift */; };
		733133A51E72B55D00E18F0B /* FoodCollectionViewController.swift in Sources */ = {isa = PBXBuildFile; fileRef = 733133A41E72B55D00E18F0B /* FoodCollectionViewController.swift */; };
		734056441E491BB1007A3070 /* AppDelegate.swift in Sources */ = {isa = PBXBuildFile; fileRef = 734056431E491BB1007A3070 /* AppDelegate.swift */; };
		734056461E491BB1007A3070 /* ViewController.swift in Sources */ = {isa = PBXBuildFile; fileRef = 734056451E491BB1007A3070 /* ViewController.swift */; };
		734056491E491BB1007A3070 /* Main.storyboard in Resources */ = {isa = PBXBuildFile; fileRef = 734056471E491BB1007A3070 /* Main.storyboard */; };
		7340564E1E491BB1007A3070 /* LaunchScreen.storyboard in Resources */ = {isa = PBXBuildFile; fileRef = 7340564C1E491BB1007A3070 /* LaunchScreen.storyboard */; };
		734056581E491C66007A3070 /* TableViewCell.swift in Sources */ = {isa = PBXBuildFile; fileRef = 734056571E491C66007A3070 /* TableViewCell.swift */; };
		73730E111E6DD7E800218B21 /* GoogleService-Info.plist in Resources */ = {isa = PBXBuildFile; fileRef = 73730E101E6DD7E800218B21 /* GoogleService-Info.plist */; };
		73730E151E6E06AE00218B21 /* DetailViewController.swift in Sources */ = {isa = PBXBuildFile; fileRef = 73730E141E6E06AE00218B21 /* DetailViewController.swift */; };
		737624D11E8AC8C200966614 /* FoodTableViewCell.swift in Sources */ = {isa = PBXBuildFile; fileRef = 737624D01E8AC8C200966614 /* FoodTableViewCell.swift */; };
		737624D31E8AC8CA00966614 /* FoodTableViewController.swift in Sources */ = {isa = PBXBuildFile; fileRef = 737624D21E8AC8CA00966614 /* FoodTableViewController.swift */; };
		737D5D3E1E70180C009CC757 /* SignUpViewController.swift in Sources */ = {isa = PBXBuildFile; fileRef = 737D5D3D1E70180C009CC757 /* SignUpViewController.swift */; };
		737D5D401E701816009CC757 /* LoginViewController.swift in Sources */ = {isa = PBXBuildFile; fileRef = 737D5D3F1E701816009CC757 /* LoginViewController.swift */; };
		739501B51EAC9ACF00549D70 /* Services.swift in Sources */ = {isa = PBXBuildFile; fileRef = 739501B41EAC9ACF00549D70 /* Services.swift */; };
		73A2FFEC1E706B08000F43C1 /* User.swift in Sources */ = {isa = PBXBuildFile; fileRef = 73A2FFEB1E706B08000F43C1 /* User.swift */; };
		73A2FFEE1E7085EF000F43C1 /* Assets.xcassets in Resources */ = {isa = PBXBuildFile; fileRef = 73A2FFED1E7085EF000F43C1 /* Assets.xcassets */; };
		73A6014C1E7C19F40046D228 /* ResetViewController.swift in Sources */ = {isa = PBXBuildFile; fileRef = 73A6014B1E7C19F40046D228 /* ResetViewController.swift */; };
		73B940151E76E0B600BE737A /* MoviesCollectionViewCell.swift in Sources */ = {isa = PBXBuildFile; fileRef = 73B940131E76E0B600BE737A /* MoviesCollectionViewCell.swift */; };
		73B940161E76E0B600BE737A /* MoviesCollectionViewController.swift in Sources */ = {isa = PBXBuildFile; fileRef = 73B940141E76E0B600BE737A /* MoviesCollectionViewController.swift */; };
		73F5A59E1E70384E0066B42F /* Movie.swift in Sources */ = {isa = PBXBuildFile; fileRef = 73F5A59D1E70384E0066B42F /* Movie.swift */; };
		73F5A5A21E705B150066B42F /* AccountViewController.swift in Sources */ = {isa = PBXBuildFile; fileRef = 73F5A5A11E705B150066B42F /* AccountViewController.swift */; };
		73F8EEBA1E77032900D0FD29 /* FoodCollectionViewCell.swift in Sources */ = {isa = PBXBuildFile; fileRef = 73F8EEB91E77032900D0FD29 /* FoodCollectionViewCell.swift */; };
		73F8EEBC1E77F2D400D0FD29 /* SearchTableViewController.swift in Sources */ = {isa = PBXBuildFile; fileRef = 73F8EEBB1E77F2D400D0FD29 /* SearchTableViewController.swift */; };
		73F8EEBE1E77F3A100D0FD29 /* SearchListTableViewCell.swift in Sources */ = {isa = PBXBuildFile; fileRef = 73F8EEBD1E77F3A100D0FD29 /* SearchListTableViewCell.swift */; };
		8DC7DB76B9008034814EE58C /* Pods_media.framework in Frameworks */ = {isa = PBXBuildFile; fileRef = 3E7F53C5AD0A97B4F1290892 /* Pods_media.framework */; };
/* End PBXBuildFile section */

/* Begin PBXFileReference section */
		189D2175C278E1C4F4B8026E /* Pods-media.release.xcconfig */ = {isa = PBXFileReference; includeInIndex = 1; lastKnownFileType = text.xcconfig; name = "Pods-media.release.xcconfig"; path = "Pods/Target Support Files/Pods-media/Pods-media.release.xcconfig"; sourceTree = "<group>"; };
		3E7F53C5AD0A97B4F1290892 /* Pods_media.framework */ = {isa = PBXFileReference; explicitFileType = wrapper.framework; includeInIndex = 0; path = Pods_media.framework; sourceTree = BUILT_PRODUCTS_DIR; };
		73067E751E70AD6400A15551 /* Reachability.swift */ = {isa = PBXFileReference; fileEncoding = 4; lastKnownFileType = sourcecode.swift; path = Reachability.swift; sourceTree = "<group>"; };
		730B2B031E807054008F940B /* VotesCollectionViewController.swift */ = {isa = PBXFileReference; fileEncoding = 4; lastKnownFileType = sourcecode.swift; path = VotesCollectionViewController.swift; sourceTree = "<group>"; };
		730B2B051E807066008F940B /* VoteCollectionViewCell.swift */ = {isa = PBXFileReference; fileEncoding = 4; lastKnownFileType = sourcecode.swift; path = VoteCollectionViewCell.swift; sourceTree = "<group>"; };
		733133A01E7213DE00E18F0B /* AccountSettingsViewController.swift */ = {isa = PBXFileReference; fileEncoding = 4; lastKnownFileType = sourcecode.swift; path = AccountSettingsViewController.swift; sourceTree = "<group>"; };
		733133A21E72156700E18F0B /* MainViewController.swift */ = {isa = PBXFileReference; fileEncoding = 4; lastKnownFileType = sourcecode.swift; path = MainViewController.swift; sourceTree = "<group>"; };
		733133A41E72B55D00E18F0B /* FoodCollectionViewController.swift */ = {isa = PBXFileReference; fileEncoding = 4; lastKnownFileType = sourcecode.swift; path = FoodCollectionViewController.swift; sourceTree = "<group>"; };
		734056401E491BB1007A3070 /* media.app */ = {isa = PBXFileReference; explicitFileType = wrapper.application; includeInIndex = 0; path = media.app; sourceTree = BUILT_PRODUCTS_DIR; };
		734056431E491BB1007A3070 /* AppDelegate.swift */ = {isa = PBXFileReference; lastKnownFileType = sourcecode.swift; path = AppDelegate.swift; sourceTree = "<group>"; };
		734056451E491BB1007A3070 /* ViewController.swift */ = {isa = PBXFileReference; lastKnownFileType = sourcecode.swift; path = ViewController.swift; sourceTree = "<group>"; };
		734056481E491BB1007A3070 /* Base */ = {isa = PBXFileReference; lastKnownFileType = file.storyboard; name = Base; path = Base.lproj/Main.storyboard; sourceTree = "<group>"; };
		7340564D1E491BB1007A3070 /* Base */ = {isa = PBXFileReference; lastKnownFileType = file.storyboard; name = Base; path = Base.lproj/LaunchScreen.storyboard; sourceTree = "<group>"; };
		7340564F1E491BB1007A3070 /* Info.plist */ = {isa = PBXFileReference; lastKnownFileType = text.plist.xml; path = Info.plist; sourceTree = "<group>"; };
		734056571E491C66007A3070 /* TableViewCell.swift */ = {isa = PBXFileReference; fileEncoding = 4; lastKnownFileType = sourcecode.swift; path = TableViewCell.swift; sourceTree = "<group>"; };
		73730E101E6DD7E800218B21 /* GoogleService-Info.plist */ = {isa = PBXFileReference; fileEncoding = 4; lastKnownFileType = text.plist.xml; path = "GoogleService-Info.plist"; sourceTree = "<group>"; };
		73730E141E6E06AE00218B21 /* DetailViewController.swift */ = {isa = PBXFileReference; fileEncoding = 4; lastKnownFileType = sourcecode.swift; path = DetailViewController.swift; sourceTree = "<group>"; };
		737624D01E8AC8C200966614 /* FoodTableViewCell.swift */ = {isa = PBXFileReference; fileEncoding = 4; lastKnownFileType = sourcecode.swift; path = FoodTableViewCell.swift; sourceTree = "<group>"; };
		737624D21E8AC8CA00966614 /* FoodTableViewController.swift */ = {isa = PBXFileReference; fileEncoding = 4; lastKnownFileType = sourcecode.swift; path = FoodTableViewController.swift; sourceTree = "<group>"; };
		737D5D3D1E70180C009CC757 /* SignUpViewController.swift */ = {isa = PBXFileReference; fileEncoding = 4; lastKnownFileType = sourcecode.swift; path = SignUpViewController.swift; sourceTree = "<group>"; };
		737D5D3F1E701816009CC757 /* LoginViewController.swift */ = {isa = PBXFileReference; fileEncoding = 4; lastKnownFileType = sourcecode.swift; path = LoginViewController.swift; sourceTree = "<group>"; };
		739501B41EAC9ACF00549D70 /* Services.swift */ = {isa = PBXFileReference; fileEncoding = 4; lastKnownFileType = sourcecode.swift; path = Services.swift; sourceTree = "<group>"; };
		73A2FFEB1E706B08000F43C1 /* User.swift */ = {isa = PBXFileReference; fileEncoding = 4; lastKnownFileType = sourcecode.swift; path = User.swift; sourceTree = "<group>"; };
		73A2FFED1E7085EF000F43C1 /* Assets.xcassets */ = {isa = PBXFileReference; lastKnownFileType = folder.assetcatalog; path = Assets.xcassets; sourceTree = "<group>"; };
		73A6014B1E7C19F40046D228 /* ResetViewController.swift */ = {isa = PBXFileReference; fileEncoding = 4; lastKnownFileType = sourcecode.swift; path = ResetViewController.swift; sourceTree = "<group>"; };
		73B940131E76E0B600BE737A /* MoviesCollectionViewCell.swift */ = {isa = PBXFileReference; fileEncoding = 4; lastKnownFileType = sourcecode.swift; path = MoviesCollectionViewCell.swift; sourceTree = "<group>"; };
		73B940141E76E0B600BE737A /* MoviesCollectionViewController.swift */ = {isa = PBXFileReference; fileEncoding = 4; lastKnownFileType = sourcecode.swift; path = MoviesCollectionViewController.swift; sourceTree = "<group>"; };
		73F5A59D1E70384E0066B42F /* Movie.swift */ = {isa = PBXFileReference; fileEncoding = 4; lastKnownFileType = sourcecode.swift; path = Movie.swift; sourceTree = "<group>"; };
		73F5A5A11E705B150066B42F /* AccountViewController.swift */ = {isa = PBXFileReference; fileEncoding = 4; lastKnownFileType = sourcecode.swift; path = AccountViewController.swift; sourceTree = "<group>"; };
		73F8EEB91E77032900D0FD29 /* FoodCollectionViewCell.swift */ = {isa = PBXFileReference; fileEncoding = 4; lastKnownFileType = sourcecode.swift; path = FoodCollectionViewCell.swift; sourceTree = "<group>"; };
		73F8EEBB1E77F2D400D0FD29 /* SearchTableViewController.swift */ = {isa = PBXFileReference; fileEncoding = 4; lastKnownFileType = sourcecode.swift; path = SearchTableViewController.swift; sourceTree = "<group>"; };
		73F8EEBD1E77F3A100D0FD29 /* SearchListTableViewCell.swift */ = {isa = PBXFileReference; fileEncoding = 4; lastKnownFileType = sourcecode.swift; path = SearchListTableViewCell.swift; sourceTree = "<group>"; };
		CFC57D4380395D5E727A6D63 /* Pods-media.debug.xcconfig */ = {isa = PBXFileReference; includeInIndex = 1; lastKnownFileType = text.xcconfig; name = "Pods-media.debug.xcconfig"; path = "Pods/Target Support Files/Pods-media/Pods-media.debug.xcconfig"; sourceTree = "<group>"; };
/* End PBXFileReference section */

/* Begin PBXFrameworksBuildPhase section */
		7340563D1E491BB1007A3070 /* Frameworks */ = {
			isa = PBXFrameworksBuildPhase;
			buildActionMask = 2147483647;
			files = (
				8DC7DB76B9008034814EE58C /* Pods_media.framework in Frameworks */,
			);
			runOnlyForDeploymentPostprocessing = 0;
		};
/* End PBXFrameworksBuildPhase section */

/* Begin PBXGroup section */
		730B2B021E807032008F940B /* carouselVote */ = {
			isa = PBXGroup;
			children = (
				730B2B031E807054008F940B /* VotesCollectionViewController.swift */,
				730B2B051E807066008F940B /* VoteCollectionViewCell.swift */,
			);
			name = carouselVote;
			sourceTree = "<group>";
		};
		734056371E491BB1007A3070 = {
			isa = PBXGroup;
			children = (
				734056421E491BB1007A3070 /* media */,
				734056411E491BB1007A3070 /* Products */,
				FF7B6D8974ABA6B233B179F1 /* Pods */,
				F56E437E220FC28A4A1CFD23 /* Frameworks */,
			);
			sourceTree = "<group>";
		};
		734056411E491BB1007A3070 /* Products */ = {
			isa = PBXGroup;
			children = (
				734056401E491BB1007A3070 /* media.app */,
			);
			name = Products;
			sourceTree = "<group>";
		};
		734056421E491BB1007A3070 /* media */ = {
			isa = PBXGroup;
			children = (
				736546481E786AB000E271E1 /* Authentification */,
				736546471E786A7E00E271E1 /* Account */,
				736546461E786A7500E271E1 /* Food */,
				736546451E786A6700E271E1 /* Movie */,
				736546441E786A5100E271E1 /* Model */,
				73067E751E70AD6400A15551 /* Reachability.swift */,
				739501B41EAC9ACF00549D70 /* Services.swift */,
				734056431E491BB1007A3070 /* AppDelegate.swift */,
				733133A21E72156700E18F0B /* MainViewController.swift */,
				734056471E491BB1007A3070 /* Main.storyboard */,
				7340564C1E491BB1007A3070 /* LaunchScreen.storyboard */,
				7340564F1E491BB1007A3070 /* Info.plist */,
				73730E101E6DD7E800218B21 /* GoogleService-Info.plist */,
				73A2FFED1E7085EF000F43C1 /* Assets.xcassets */,
			);
			path = media;
			sourceTree = "<group>";
		};
		736546441E786A5100E271E1 /* Model */ = {
			isa = PBXGroup;
			children = (
				73F5A59D1E70384E0066B42F /* Movie.swift */,
				73A2FFEB1E706B08000F43C1 /* User.swift */,
			);
			name = Model;
			sourceTree = "<group>";
		};
		736546451E786A6700E271E1 /* Movie */ = {
			isa = PBXGroup;
			children = (
				730B2B021E807032008F940B /* carouselVote */,
				73730E141E6E06AE00218B21 /* DetailViewController.swift */,
				734056451E491BB1007A3070 /* ViewController.swift */,
				734056571E491C66007A3070 /* TableViewCell.swift */,
				73F8EEBB1E77F2D400D0FD29 /* SearchTableViewController.swift */,
				73F8EEBD1E77F3A100D0FD29 /* SearchListTableViewCell.swift */,
				73B940141E76E0B600BE737A /* MoviesCollectionViewController.swift */,
				73B940131E76E0B600BE737A /* MoviesCollectionViewCell.swift */,
			);
			name = Movie;
			sourceTree = "<group>";
		};
		736546461E786A7500E271E1 /* Food */ = {
			isa = PBXGroup;
			children = (
				733133A41E72B55D00E18F0B /* FoodCollectionViewController.swift */,
				73F8EEB91E77032900D0FD29 /* FoodCollectionViewCell.swift */,
				737624D21E8AC8CA00966614 /* FoodTableViewController.swift */,
				737624D01E8AC8C200966614 /* FoodTableViewCell.swift */,
			);
			name = Food;
			sourceTree = "<group>";
		};
		736546471E786A7E00E271E1 /* Account */ = {
			isa = PBXGroup;
			children = (
				73F5A5A11E705B150066B42F /* AccountViewController.swift */,
				733133A01E7213DE00E18F0B /* AccountSettingsViewController.swift */,
			);
			name = Account;
			sourceTree = "<group>";
		};
		736546481E786AB000E271E1 /* Authentification */ = {
			isa = PBXGroup;
			children = (
				73A6014B1E7C19F40046D228 /* ResetViewController.swift */,
				737D5D3F1E701816009CC757 /* LoginViewController.swift */,
				737D5D3D1E70180C009CC757 /* SignUpViewController.swift */,
			);
			name = Authentification;
			sourceTree = "<group>";
		};
		F56E437E220FC28A4A1CFD23 /* Frameworks */ = {
			isa = PBXGroup;
			children = (
				3E7F53C5AD0A97B4F1290892 /* Pods_media.framework */,
			);
			name = Frameworks;
			sourceTree = "<group>";
		};
		FF7B6D8974ABA6B233B179F1 /* Pods */ = {
			isa = PBXGroup;
			children = (
				CFC57D4380395D5E727A6D63 /* Pods-media.debug.xcconfig */,
				189D2175C278E1C4F4B8026E /* Pods-media.release.xcconfig */,
			);
			name = Pods;
			sourceTree = "<group>";
		};
/* End PBXGroup section */

/* Begin PBXNativeTarget section */
		7340563F1E491BB1007A3070 /* media */ = {
			isa = PBXNativeTarget;
			buildConfigurationList = 734056521E491BB1007A3070 /* Build configuration list for PBXNativeTarget "media" */;
			buildPhases = (
				1F992472075C8F7519F1EBC1 /* [CP] Check Pods Manifest.lock */,
				7340563C1E491BB1007A3070 /* Sources */,
				7340563D1E491BB1007A3070 /* Frameworks */,
				7340563E1E491BB1007A3070 /* Resources */,
				0D15CE1A987ED09E113A16B2 /* [CP] Embed Pods Frameworks */,
				00466A22D581E02B80023268 /* [CP] Copy Pods Resources */,
			);
			buildRules = (
			);
			dependencies = (
			);
			name = media;
			productName = media;
			productReference = 734056401E491BB1007A3070 /* media.app */;
			productType = "com.apple.product-type.application";
		};
/* End PBXNativeTarget section */

/* Begin PBXProject section */
		734056381E491BB1007A3070 /* Project object */ = {
			isa = PBXProject;
			attributes = {
				LastSwiftUpdateCheck = 0820;
				LastUpgradeCheck = 0830;
				ORGANIZATIONNAME = "Etienne Jézéquel";
				TargetAttributes = {
					7340563F1E491BB1007A3070 = {
						CreatedOnToolsVersion = 8.2.1;
						DevelopmentTeam = R8ERH3DBF5;
						ProvisioningStyle = Automatic;
					};
				};
			};
			buildConfigurationList = 7340563B1E491BB1007A3070 /* Build configuration list for PBXProject "media" */;
			compatibilityVersion = "Xcode 3.2";
			developmentRegion = English;
			hasScannedForEncodings = 0;
			knownRegions = (
				en,
				Base,
			);
			mainGroup = 734056371E491BB1007A3070;
			productRefGroup = 734056411E491BB1007A3070 /* Products */;
			projectDirPath = "";
			projectRoot = "";
			targets = (
				7340563F1E491BB1007A3070 /* media */,
			);
		};
/* End PBXProject section */

/* Begin PBXResourcesBuildPhase section */
		7340563E1E491BB1007A3070 /* Resources */ = {
			isa = PBXResourcesBuildPhase;
			buildActionMask = 2147483647;
			files = (
				7340564E1E491BB1007A3070 /* LaunchScreen.storyboard in Resources */,
				73730E111E6DD7E800218B21 /* GoogleService-Info.plist in Resources */,
				73A2FFEE1E7085EF000F43C1 /* Assets.xcassets in Resources */,
				734056491E491BB1007A3070 /* Main.storyboard in Resources */,
			);
			runOnlyForDeploymentPostprocessing = 0;
		};
/* End PBXResourcesBuildPhase section */

/* Begin PBXShellScriptBuildPhase section */
		00466A22D581E02B80023268 /* [CP] Copy Pods Resources */ = {
			isa = PBXShellScriptBuildPhase;
			buildActionMask = 2147483647;
			files = (
			);
			inputPaths = (
			);
			name = "[CP] Copy Pods Resources";
			outputPaths = (
			);
			runOnlyForDeploymentPostprocessing = 0;
			shellPath = /bin/sh;
			shellScript = "\"${SRCROOT}/Pods/Target Support Files/Pods-media/Pods-media-resources.sh\"\n";
			showEnvVarsInLog = 0;
		};
		0D15CE1A987ED09E113A16B2 /* [CP] Embed Pods Frameworks */ = {
			isa = PBXShellScriptBuildPhase;
			buildActionMask = 2147483647;
			files = (
			);
			inputPaths = (
			);
			name = "[CP] Embed Pods Frameworks";
			outputPaths = (
			);
			runOnlyForDeploymentPostprocessing = 0;
			shellPath = /bin/sh;
			shellScript = "\"${SRCROOT}/Pods/Target Support Files/Pods-media/Pods-media-frameworks.sh\"\n";
			showEnvVarsInLog = 0;
		};
		1F992472075C8F7519F1EBC1 /* [CP] Check Pods Manifest.lock */ = {
			isa = PBXShellScriptBuildPhase;
			buildActionMask = 2147483647;
			files = (
			);
			inputPaths = (
			);
			name = "[CP] Check Pods Manifest.lock";
			outputPaths = (
			);
			runOnlyForDeploymentPostprocessing = 0;
			shellPath = /bin/sh;
			shellScript = "diff \"${PODS_ROOT}/../Podfile.lock\" \"${PODS_ROOT}/Manifest.lock\" > /dev/null\nif [ $? != 0 ] ; then\n    # print error to STDERR\n    echo \"error: The sandbox is not in sync with the Podfile.lock. Run 'pod install' or update your CocoaPods installation.\" >&2\n    exit 1\nfi\n";
			showEnvVarsInLog = 0;
		};
/* End PBXShellScriptBuildPhase section */

/* Begin PBXSourcesBuildPhase section */
		7340563C1E491BB1007A3070 /* Sources */ = {
			isa = PBXSourcesBuildPhase;
			buildActionMask = 2147483647;
			files = (
				737D5D3E1E70180C009CC757 /* SignUpViewController.swift in Sources */,
				733133A31E72156700E18F0B /* MainViewController.swift in Sources */,
				737624D31E8AC8CA00966614 /* FoodTableViewController.swift in Sources */,
				73F5A59E1E70384E0066B42F /* Movie.swift in Sources */,
				734056581E491C66007A3070 /* TableViewCell.swift in Sources */,
				737D5D401E701816009CC757 /* LoginViewController.swift in Sources */,
				733133A51E72B55D00E18F0B /* FoodCollectionViewController.swift in Sources */,
				73F8EEBA1E77032900D0FD29 /* FoodCollectionViewCell.swift in Sources */,
				734056461E491BB1007A3070 /* ViewController.swift in Sources */,
				734056441E491BB1007A3070 /* AppDelegate.swift in Sources */,
				73067E761E70AD6400A15551 /* Reachability.swift in Sources */,
				73A6014C1E7C19F40046D228 /* ResetViewController.swift in Sources */,
				737624D11E8AC8C200966614 /* FoodTableViewCell.swift in Sources */,
				739501B51EAC9ACF00549D70 /* Services.swift in Sources */,
				73B940161E76E0B600BE737A /* MoviesCollectionViewController.swift in Sources */,
				730B2B061E807066008F940B /* VoteCollectionViewCell.swift in Sources */,
				73730E151E6E06AE00218B21 /* DetailViewController.swift in Sources */,
				73B940151E76E0B600BE737A /* MoviesCollectionViewCell.swift in Sources */,
				73A2FFEC1E706B08000F43C1 /* User.swift in Sources */,
				73F8EEBC1E77F2D400D0FD29 /* SearchTableViewController.swift in Sources */,
				73F8EEBE1E77F3A100D0FD29 /* SearchListTableViewCell.swift in Sources */,
				73F5A5A21E705B150066B42F /* AccountViewController.swift in Sources */,
				730B2B041E807054008F940B /* VotesCollectionViewController.swift in Sources */,
				733133A11E7213DE00E18F0B /* AccountSettingsViewController.swift in Sources */,
			);
			runOnlyForDeploymentPostprocessing = 0;
		};
/* End PBXSourcesBuildPhase section */

/* Begin PBXVariantGroup section */
		734056471E491BB1007A3070 /* Main.storyboard */ = {
			isa = PBXVariantGroup;
			children = (
				734056481E491BB1007A3070 /* Base */,
			);
			name = Main.storyboard;
			sourceTree = "<group>";
		};
		7340564C1E491BB1007A3070 /* LaunchScreen.storyboard */ = {
			isa = PBXVariantGroup;
			children = (
				7340564D1E491BB1007A3070 /* Base */,
			);
			name = LaunchScreen.storyboard;
			sourceTree = "<group>";
		};
/* End PBXVariantGroup section */

/* Begin XCBuildConfiguration section */
		734056501E491BB1007A3070 /* Debug */ = {
			isa = XCBuildConfiguration;
			buildSettings = {
				ALWAYS_SEARCH_USER_PATHS = NO;
				CLANG_ANALYZER_NONNULL = YES;
				CLANG_CXX_LANGUAGE_STANDARD = "gnu++0x";
				CLANG_CXX_LIBRARY = "libc++";
				CLANG_ENABLE_MODULES = YES;
				CLANG_ENABLE_OBJC_ARC = YES;
				CLANG_WARN_BOOL_CONVERSION = YES;
				CLANG_WARN_CONSTANT_CONVERSION = YES;
				CLANG_WARN_DIRECT_OBJC_ISA_USAGE = YES_ERROR;
				CLANG_WARN_DOCUMENTATION_COMMENTS = YES;
				CLANG_WARN_EMPTY_BODY = YES;
				CLANG_WARN_ENUM_CONVERSION = YES;
				CLANG_WARN_INFINITE_RECURSION = YES;
				CLANG_WARN_INT_CONVERSION = YES;
				CLANG_WARN_OBJC_ROOT_CLASS = YES_ERROR;
				CLANG_WARN_SUSPICIOUS_MOVE = YES;
				CLANG_WARN_UNREACHABLE_CODE = YES;
				CLANG_WARN__DUPLICATE_METHOD_MATCH = YES;
				"CODE_SIGN_IDENTITY[sdk=iphoneos*]" = "iPhone Developer";
				COPY_PHASE_STRIP = NO;
				DEBUG_INFORMATION_FORMAT = dwarf;
				ENABLE_STRICT_OBJC_MSGSEND = YES;
				ENABLE_TESTABILITY = YES;
				GCC_C_LANGUAGE_STANDARD = gnu99;
				GCC_DYNAMIC_NO_PIC = NO;
				GCC_NO_COMMON_BLOCKS = YES;
				GCC_OPTIMIZATION_LEVEL = 0;
				GCC_PREPROCESSOR_DEFINITIONS = (
					"DEBUG=1",
					"$(inherited)",
				);
				GCC_WARN_64_TO_32_BIT_CONVERSION = YES;
				GCC_WARN_ABOUT_RETURN_TYPE = YES_ERROR;
				GCC_WARN_UNDECLARED_SELECTOR = YES;
				GCC_WARN_UNINITIALIZED_AUTOS = YES_AGGRESSIVE;
				GCC_WARN_UNUSED_FUNCTION = YES;
				GCC_WARN_UNUSED_VARIABLE = YES;
				IPHONEOS_DEPLOYMENT_TARGET = 10.3;
				MTL_ENABLE_DEBUG_INFO = YES;
				ONLY_ACTIVE_ARCH = YES;
				SDKROOT = iphoneos;
				SWIFT_ACTIVE_COMPILATION_CONDITIONS = DEBUG;
				SWIFT_OPTIMIZATION_LEVEL = "-Onone";
			};
			name = Debug;
		};
		734056511E491BB1007A3070 /* Release */ = {
			isa = XCBuildConfiguration;
			buildSettings = {
				ALWAYS_SEARCH_USER_PATHS = NO;
				CLANG_ANALYZER_NONNULL = YES;
				CLANG_CXX_LANGUAGE_STANDARD = "gnu++0x";
				CLANG_CXX_LIBRARY = "libc++";
				CLANG_ENABLE_MODULES = YES;
				CLANG_ENABLE_OBJC_ARC = YES;
				CLANG_WARN_BOOL_CONVERSION = YES;
				CLANG_WARN_CONSTANT_CONVERSION = YES;
				CLANG_WARN_DIRECT_OBJC_ISA_USAGE = YES_ERROR;
				CLANG_WARN_DOCUMENTATION_COMMENTS = YES;
				CLANG_WARN_EMPTY_BODY = YES;
				CLANG_WARN_ENUM_CONVERSION = YES;
				CLANG_WARN_INFINITE_RECURSION = YES;
				CLANG_WARN_INT_CONVERSION = YES;
				CLANG_WARN_OBJC_ROOT_CLASS = YES_ERROR;
				CLANG_WARN_SUSPICIOUS_MOVE = YES;
				CLANG_WARN_UNREACHABLE_CODE = YES;
				CLANG_WARN__DUPLICATE_METHOD_MATCH = YES;
				"CODE_SIGN_IDENTITY[sdk=iphoneos*]" = "iPhone Developer";
				COPY_PHASE_STRIP = NO;
				DEBUG_INFORMATION_FORMAT = "dwarf-with-dsym";
				ENABLE_NS_ASSERTIONS = NO;
				ENABLE_STRICT_OBJC_MSGSEND = YES;
				GCC_C_LANGUAGE_STANDARD = gnu99;
				GCC_NO_COMMON_BLOCKS = YES;
				GCC_WARN_64_TO_32_BIT_CONVERSION = YES;
				GCC_WARN_ABOUT_RETURN_TYPE = YES_ERROR;
				GCC_WARN_UNDECLARED_SELECTOR = YES;
				GCC_WARN_UNINITIALIZED_AUTOS = YES_AGGRESSIVE;
				GCC_WARN_UNUSED_FUNCTION = YES;
				GCC_WARN_UNUSED_VARIABLE = YES;
				IPHONEOS_DEPLOYMENT_TARGET = 10.3;
				MTL_ENABLE_DEBUG_INFO = NO;
				SDKROOT = iphoneos;
				SWIFT_OPTIMIZATION_LEVEL = "-Owholemodule";
				VALIDATE_PRODUCT = YES;
			};
			name = Release;
		};
		734056531E491BB1007A3070 /* Debug */ = {
			isa = XCBuildConfiguration;
			baseConfigurationReference = CFC57D4380395D5E727A6D63 /* Pods-media.debug.xcconfig */;
			buildSettings = {
				ALWAYS_EMBED_SWIFT_STANDARD_LIBRARIES = YES;
				ASSETCATALOG_COMPILER_APPICON_NAME = AppIcon;
				DEVELOPMENT_TEAM = R8ERH3DBF5;
				INFOPLIST_FILE = media/Info.plist;
				IPHONEOS_DEPLOYMENT_TARGET = 10.3;
				LD_RUNPATH_SEARCH_PATHS = "$(inherited) @executable_path/Frameworks";
				PRODUCT_BUNDLE_IDENTIFIER = etiennejezequel.media;
				PRODUCT_NAME = "$(TARGET_NAME)";
				SWIFT_VERSION = 3.0;
				TARGETED_DEVICE_FAMILY = "1,2";
			};
			name = Debug;
		};
		734056541E491BB1007A3070 /* Release */ = {
			isa = XCBuildConfiguration;
			baseConfigurationReference = 189D2175C278E1C4F4B8026E /* Pods-media.release.xcconfig */;
			buildSettings = {
				ALWAYS_EMBED_SWIFT_STANDARD_LIBRARIES = YES;
				ASSETCATALOG_COMPILER_APPICON_NAME = AppIcon;
				DEVELOPMENT_TEAM = R8ERH3DBF5;
				INFOPLIST_FILE = media/Info.plist;
				IPHONEOS_DEPLOYMENT_TARGET = 10.3;
				LD_RUNPATH_SEARCH_PATHS = "$(inherited) @executable_path/Frameworks";
				PRODUCT_BUNDLE_IDENTIFIER = etiennejezequel.media;
				PRODUCT_NAME = "$(TARGET_NAME)";
				SWIFT_VERSION = 3.0;
				TARGETED_DEVICE_FAMILY = "1,2";
			};
			name = Release;
		};
/* End XCBuildConfiguration section */

/* Begin XCConfigurationList section */
		7340563B1E491BB1007A3070 /* Build configuration list for PBXProject "media" */ = {
			isa = XCConfigurationList;
			buildConfigurations = (
				734056501E491BB1007A3070 /* Debug */,
				734056511E491BB1007A3070 /* Release */,
			);
			defaultConfigurationIsVisible = 0;
			defaultConfigurationName = Release;
		};
		734056521E491BB1007A3070 /* Build configuration list for PBXNativeTarget "media" */ = {
			isa = XCConfigurationList;
			buildConfigurations = (
				734056531E491BB1007A3070 /* Debug */,
				734056541E491BB1007A3070 /* Release */,
			);
			defaultConfigurationIsVisible = 0;
			defaultConfigurationName = Release;
		};
/* End XCConfigurationList section */
	};
	rootObject = 734056381E491BB1007A3070 /* Project object */;
}
